
Microsoft Visual Studio Solution File, Format Version 12.00
# Visual Studio 15
VisualStudioVersion = 15.0.26124.0
MinimumVisualStudioVersion = 15.0.26124.0
Project("{FAE04EC0-301F-11D3-BF4B-00C04F79EFBC}") = "WeylandMod.Core", "WeylandMod.Core\WeylandMod.Core.csproj", "{DD3E1CBA-2924-4905-B45E-59BE1712979E}"
EndProject
Project("{FAE04EC0-301F-11D3-BF4B-00C04F79EFBC}") = "WeylandMod.ExtendedStorage", "WeylandMod.ExtendedStorage\WeylandMod.ExtendedStorage.csproj", "{800910AA-C070-4946-AA23-C37146CB9153}"
EndProject
Project("{FAE04EC0-301F-11D3-BF4B-00C04F79EFBC}") = "WeylandMod.ExtendedDeathPins", "WeylandMod.ExtendedDeathPins\WeylandMod.ExtendedDeathPins.csproj", "{B22C2812-FB4C-4BDD-9FFB-4928C90AA8E6}"
EndProject
Project("{FAE04EC0-301F-11D3-BF4B-00C04F79EFBC}") = "WeylandMod.PreciseRotation", "WeylandMod.PreciseRotation\WeylandMod.PreciseRotation.csproj", "{B67C3EE9-1D9C-40D5-9F3E-73206944B67F}"
EndProject
Project("{FAE04EC0-301F-11D3-BF4B-00C04F79EFBC}") = "WeylandMod.ExtendedServerPassword", "WeylandMod.ExtendedServerPassword\WeylandMod.ExtendedServerPassword.csproj", "{078D7D02-68D0-4A21-AFD1-5F520756AED1}"
EndProject
Project("{FAE04EC0-301F-11D3-BF4B-00C04F79EFBC}") = "WeylandMod.ItemRadar", "WeylandMod.ItemRadar\WeylandMod.ItemRadar.csproj", "{5B85CDF0-D734-4FC5-8EA9-B2026034CBE3}"
EndProject
Project("{FAE04EC0-301F-11D3-BF4B-00C04F79EFBC}") = "WeylandMod.SharedMap", "WeylandMod.SharedMap\WeylandMod.SharedMap.csproj", "{E71CB286-1AD4-4761-8202-84CC0B3B1075}"
EndProject
Global
	GlobalSection(SolutionConfigurationPlatforms) = preSolution
		Debug|Any CPU = Debug|Any CPU
		Debug|x64 = Debug|x64
		Debug|x86 = Debug|x86
		Release|Any CPU = Release|Any CPU
		Release|x64 = Release|x64
		Release|x86 = Release|x86
	EndGlobalSection
	GlobalSection(SolutionProperties) = preSolution
		HideSolutionNode = FALSE
	EndGlobalSection
	GlobalSection(ProjectConfigurationPlatforms) = postSolution
		{DD3E1CBA-2924-4905-B45E-59BE1712979E}.Debug|Any CPU.ActiveCfg = Debug|Any CPU
		{DD3E1CBA-2924-4905-B45E-59BE1712979E}.Debug|Any CPU.Build.0 = Debug|Any CPU
		{DD3E1CBA-2924-4905-B45E-59BE1712979E}.Debug|x64.ActiveCfg = Debug|Any CPU
		{DD3E1CBA-2924-4905-B45E-59BE1712979E}.Debug|x64.Build.0 = Debug|Any CPU
		{DD3E1CBA-2924-4905-B45E-59BE1712979E}.Debug|x86.ActiveCfg = Debug|Any CPU
		{DD3E1CBA-2924-4905-B45E-59BE1712979E}.Debug|x86.Build.0 = Debug|Any CPU
		{DD3E1CBA-2924-4905-B45E-59BE1712979E}.Release|Any CPU.ActiveCfg = Release|Any CPU
		{DD3E1CBA-2924-4905-B45E-59BE1712979E}.Release|Any CPU.Build.0 = Release|Any CPU
		{DD3E1CBA-2924-4905-B45E-59BE1712979E}.Release|x64.ActiveCfg = Release|Any CPU
		{DD3E1CBA-2924-4905-B45E-59BE1712979E}.Release|x64.Build.0 = Release|Any CPU
		{DD3E1CBA-2924-4905-B45E-59BE1712979E}.Release|x86.ActiveCfg = Release|Any CPU
		{DD3E1CBA-2924-4905-B45E-59BE1712979E}.Release|x86.Build.0 = Release|Any CPU
		{800910AA-C070-4946-AA23-C37146CB9153}.Debug|Any CPU.ActiveCfg = Debug|Any CPU
		{800910AA-C070-4946-AA23-C37146CB9153}.Debug|Any CPU.Build.0 = Debug|Any CPU
		{800910AA-C070-4946-AA23-C37146CB9153}.Debug|x64.ActiveCfg = Debug|Any CPU
		{800910AA-C070-4946-AA23-C37146CB9153}.Debug|x64.Build.0 = Debug|Any CPU
		{800910AA-C070-4946-AA23-C37146CB9153}.Debug|x86.ActiveCfg = Debug|Any CPU
		{800910AA-C070-4946-AA23-C37146CB9153}.Debug|x86.Build.0 = Debug|Any CPU
		{800910AA-C070-4946-AA23-C37146CB9153}.Release|Any CPU.ActiveCfg = Release|Any CPU
		{800910AA-C070-4946-AA23-C37146CB9153}.Release|Any CPU.Build.0 = Release|Any CPU
		{800910AA-C070-4946-AA23-C37146CB9153}.Release|x64.ActiveCfg = Release|Any CPU
		{800910AA-C070-4946-AA23-C37146CB9153}.Release|x64.Build.0 = Release|Any CPU
		{800910AA-C070-4946-AA23-C37146CB9153}.Release|x86.ActiveCfg = Release|Any CPU
		{800910AA-C070-4946-AA23-C37146CB9153}.Release|x86.Build.0 = Release|Any CPU
		{B22C2812-FB4C-4BDD-9FFB-4928C90AA8E6}.Debug|Any CPU.ActiveCfg = Debug|Any CPU
		{B22C2812-FB4C-4BDD-9FFB-4928C90AA8E6}.Debug|Any CPU.Build.0 = Debug|Any CPU
		{B22C2812-FB4C-4BDD-9FFB-4928C90AA8E6}.Debug|x64.ActiveCfg = Debug|Any CPU
		{B22C2812-FB4C-4BDD-9FFB-4928C90AA8E6}.Debug|x64.Build.0 = Debug|Any CPU
		{B22C2812-FB4C-4BDD-9FFB-4928C90AA8E6}.Debug|x86.ActiveCfg = Debug|Any CPU
		{B22C2812-FB4C-4BDD-9FFB-4928C90AA8E6}.Debug|x86.Build.0 = Debug|Any CPU
		{B22C2812-FB4C-4BDD-9FFB-4928C90AA8E6}.Release|Any CPU.ActiveCfg = Release|Any CPU
		{B22C2812-FB4C-4BDD-9FFB-4928C90AA8E6}.Release|Any CPU.Build.0 = Release|Any CPU
		{B22C2812-FB4C-4BDD-9FFB-4928C90AA8E6}.Release|x64.ActiveCfg = Release|Any CPU
		{B22C2812-FB4C-4BDD-9FFB-4928C90AA8E6}.Release|x64.Build.0 = Release|Any CPU
		{B22C2812-FB4C-4BDD-9FFB-4928C90AA8E6}.Release|x86.ActiveCfg = Release|Any CPU
		{B22C2812-FB4C-4BDD-9FFB-4928C90AA8E6}.Release|x86.Build.0 = Release|Any CPU
		{B67C3EE9-1D9C-40D5-9F3E-73206944B67F}.Debug|Any CPU.ActiveCfg = Debug|Any CPU
		{B67C3EE9-1D9C-40D5-9F3E-73206944B67F}.Debug|Any CPU.Build.0 = Debug|Any CPU
		{B67C3EE9-1D9C-40D5-9F3E-73206944B67F}.Debug|x64.ActiveCfg = Debug|Any CPU
		{B67C3EE9-1D9C-40D5-9F3E-73206944B67F}.Debug|x64.Build.0 = Debug|Any CPU
		{B67C3EE9-1D9C-40D5-9F3E-73206944B67F}.Debug|x86.ActiveCfg = Debug|Any CPU
		{B67C3EE9-1D9C-40D5-9F3E-73206944B67F}.Debug|x86.Build.0 = Debug|Any CPU
		{B67C3EE9-1D9C-40D5-9F3E-73206944B67F}.Release|Any CPU.ActiveCfg = Release|Any CPU
		{B67C3EE9-1D9C-40D5-9F3E-73206944B67F}.Release|Any CPU.Build.0 = Release|Any CPU
		{B67C3EE9-1D9C-40D5-9F3E-73206944B67F}.Release|x64.ActiveCfg = Release|Any CPU
		{B67C3EE9-1D9C-40D5-9F3E-73206944B67F}.Release|x64.Build.0 = Release|Any CPU
		{B67C3EE9-1D9C-40D5-9F3E-73206944B67F}.Release|x86.ActiveCfg = Release|Any CPU
		{B67C3EE9-1D9C-40D5-9F3E-73206944B67F}.Release|x86.Build.0 = Release|Any CPU
		{078D7D02-68D0-4A21-AFD1-5F520756AED1}.Debug|Any CPU.ActiveCfg = Debug|Any CPU
		{078D7D02-68D0-4A21-AFD1-5F520756AED1}.Debug|Any CPU.Build.0 = Debug|Any CPU
		{078D7D02-68D0-4A21-AFD1-5F520756AED1}.Debug|x64.ActiveCfg = Debug|Any CPU
		{078D7D02-68D0-4A21-AFD1-5F520756AED1}.Debug|x64.Build.0 = Debug|Any CPU
		{078D7D02-68D0-4A21-AFD1-5F520756AED1}.Debug|x86.ActiveCfg = Debug|Any CPU
		{078D7D02-68D0-4A21-AFD1-5F520756AED1}.Debug|x86.Build.0 = Debug|Any CPU
		{078D7D02-68D0-4A21-AFD1-5F520756AED1}.Release|Any CPU.ActiveCfg = Release|Any CPU
		{078D7D02-68D0-4A21-AFD1-5F520756AED1}.Release|Any CPU.Build.0 = Release|Any CPU
		{078D7D02-68D0-4A21-AFD1-5F520756AED1}.Release|x64.ActiveCfg = Release|Any CPU
		{078D7D02-68D0-4A21-AFD1-5F520756AED1}.Release|x64.Build.0 = Release|Any CPU
		{078D7D02-68D0-4A21-AFD1-5F520756AED1}.Release|x86.ActiveCfg = Release|Any CPU
		{078D7D02-68D0-4A21-AFD1-5F520756AED1}.Release|x86.Build.0 = Release|Any CPU
		{5B85CDF0-D734-4FC5-8EA9-B2026034CBE3}.Debug|Any CPU.ActiveCfg = Debug|Any CPU
		{5B85CDF0-D734-4FC5-8EA9-B2026034CBE3}.Debug|Any CPU.Build.0 = Debug|Any CPU
		{5B85CDF0-D734-4FC5-8EA9-B2026034CBE3}.Debug|x64.ActiveCfg = Debug|Any CPU
		{5B85CDF0-D734-4FC5-8EA9-B2026034CBE3}.Debug|x64.Build.0 = Debug|Any CPU
		{5B85CDF0-D734-4FC5-8EA9-B2026034CBE3}.Debug|x86.ActiveCfg = Debug|Any CPU
		{5B85CDF0-D734-4FC5-8EA9-B2026034CBE3}.Debug|x86.Build.0 = Debug|Any CPU
		{5B85CDF0-D734-4FC5-8EA9-B2026034CBE3}.Release|Any CPU.ActiveCfg = Release|Any CPU
		{5B85CDF0-D734-4FC5-8EA9-B2026034CBE3}.Release|Any CPU.Build.0 = Release|Any CPU
		{5B85CDF0-D734-4FC5-8EA9-B2026034CBE3}.Release|x64.ActiveCfg = Release|Any CPU
		{5B85CDF0-D734-4FC5-8EA9-B2026034CBE3}.Release|x64.Build.0 = Release|Any CPU
		{5B85CDF0-D734-4FC5-8EA9-B2026034CBE3}.Release|x86.ActiveCfg = Release|Any CPU
		{5B85CDF0-D734-4FC5-8EA9-B2026034CBE3}.Release|x86.Build.0 = Release|Any CPU
		{E71CB286-1AD4-4761-8202-84CC0B3B1075}.Debug|Any CPU.ActiveCfg = Debug|Any CPU
		{E71CB286-1AD4-4761-8202-84CC0B3B1075}.Debug|Any CPU.Build.0 = Debug|Any CPU
		{E71CB286-1AD4-4761-8202-84CC0B3B1075}.Debug|x64.ActiveCfg = Debug|Any CPU
		{E71CB286-1AD4-4761-8202-84CC0B3B1075}.Debug|x64.Build.0 = Debug|Any CPU
		{E71CB286-1AD4-4761-8202-84CC0B3B1075}.Debug|x86.ActiveCfg = Debug|Any CPU
		{E71CB286-1AD4-4761-8202-84CC0B3B1075}.Debug|x86.Build.0 = Debug|Any CPU
		{E71CB286-1AD4-4761-8202-84CC0B3B1075}.Release|Any CPU.ActiveCfg = Release|Any CPU
		{E71CB286-1AD4-4761-8202-84CC0B3B1075}.Release|Any CPU.Build.0 = Release|Any CPU
		{E71CB286-1AD4-4761-8202-84CC0B3B1075}.Release|x64.ActiveCfg = Release|Any CPU
		{E71CB286-1AD4-4761-8202-84CC0B3B1075}.Release|x64.Build.0 = Release|Any CPU
		{E71CB286-1AD4-4761-8202-84CC0B3B1075}.Release|x86.ActiveCfg = Release|Any CPU
		{E71CB286-1AD4-4761-8202-84CC0B3B1075}.Release|x86.Build.0 = Release|Any CPU
	EndGlobalSection
EndGlobal
